{
    "_meta": {
        "hash": {
            "sha256": "ab9aceaf9369e593ada5a15019b66d10fe186580e30d0bba1ba2806f6b2c4829"
        },
        "pipfile-spec": 6,
        "requires": {
            "python_version": "3"
        },
        "sources": [
            {
                "name": "pypi",
                "url": "https://pypi.org/simple",
                "verify_ssl": true
            }
        ]
    },
    "default": {
        "backcall": {
            "hashes": [
                "sha256:38ecd85be2c1e78f77fd91700c76e14667dc21e2713b63876c0eb901196e01e4",
                "sha256:bbbf4b1e5cd2bdb08f915895b51081c041bac22394fdfcfdfbe9f14b77c08bf2"
            ],
            "version": "==0.1.0"
        },
        "decorator": {
            "hashes": [
                "sha256:2c51dff8ef3c447388fe5e4453d24a2bf128d3a4c32af3fabef1f01c6851ab82",
                "sha256:c39efa13fbdeb4506c476c9b3babf6a718da943dab7811c206005a4a956c080c"
            ],
            "version": "==4.3.0"
        },
        "ipython": {
            "hashes": [
                "sha256:007dcd929c14631f83daff35df0147ea51d1af420da303fd078343878bd5fb62",
                "sha256:b0f2ef9eada4a68ef63ee10b6dde4f35c840035c50fd24265f8052c98947d5a4"
            ],
            "index": "pypi",
            "version": "==6.5.0"
        },
        "ipython-genutils": {
            "hashes": [
                "sha256:72dd37233799e619666c9f639a9da83c34013a73e8bbc79a7a6348d93c61fab8",
                "sha256:eb2e116e75ecef9d4d228fdc66af54269afa26ab4463042e33785b887c628ba8"
            ],
            "version": "==0.2.0"
        },
        "jedi": {
            "hashes": [
                "sha256:b409ed0f6913a701ed474a614a3bb46e6953639033e31f769ca7581da5bd1ec1",
                "sha256:c254b135fb39ad76e78d4d8f92765ebc9bf92cbc76f49e97ade1d5f5121e1f6f"
            ],
            "version": "==0.12.1"
        },
        "parso": {
            "hashes": [
                "sha256:35704a43a3c113cce4de228ddb39aab374b8004f4f2407d070b6a2ca784ce8a2",
                "sha256:895c63e93b94ac1e1690f5fdd40b65f07c8171e3e53cbd7793b5b96c0e0a7f24"
            ],
            "version": "==0.3.1"
        },
        "pexpect": {
            "hashes": [
                "sha256:2a8e88259839571d1251d278476f3eec5db26deb73a70be5ed5dc5435e418aba",
                "sha256:3fbd41d4caf27fa4a377bfd16fef87271099463e6fa73e92a52f92dfee5d425b"
            ],
            "markers": "sys_platform != 'win32'",
            "version": "==4.6.0"
        },
        "pickleshare": {
            "hashes": [
                "sha256:87683d47965c1da65cdacaf31c8441d12b8044cdec9aca500cd78fc2c683afca",
                "sha256:9649af414d74d4df115d5d718f82acb59c9d418196b7b4290ed47a12ce62df56"
            ],
            "version": "==0.7.5"
        },
        "prompt-toolkit": {
            "hashes": [
                "sha256:1df952620eccb399c53ebb359cc7d9a8d3a9538cb34c5a1344bdbeb29fbcc381",
                "sha256:3f473ae040ddaa52b52f97f6b4a493cfa9f5920c255a12dc56a7d34397a398a4",
                "sha256:858588f1983ca497f1cf4ffde01d978a3ea02b01c8a26a8bbc5cd2e66d816917"
            ],
            "version": "==1.0.15"
        },
        "ptyprocess": {
            "hashes": [
                "sha256:923f299cc5ad920c68f2bc0bc98b75b9f838b93b599941a6b63ddbc2476394c0",
                "sha256:d7cc528d76e76342423ca640335bd3633420dc1366f258cb31d05e865ef5ca1f"
            ],
            "version": "==0.6.0"
        },
        "pygments": {
            "hashes": [
                "sha256:78f3f434bcc5d6ee09020f92ba487f95ba50f1e3ef83ae96b9d5ffa1bab25c5d",
                "sha256:dbae1046def0efb574852fab9e90209b23f556367b5a320c0bcb871c77c3e8cc"
            ],
            "version": "==2.2.0"
        },
        "pypubsub": {
            "hashes": [
                "sha256:430d60d76e56e19eaa1422579941caf9d3b392cfb8d10a17678a5c9f7ee830ba",
                "sha256:7a15723835d1e55c67ed3329a009c18d2f2ff7b8d73cf0e01f3295781e0b5807"
            ],
            "version": "==4.0.0"
        },
        "rpdb": {
            "hashes": [
                "sha256:5d1a1cee34378ab075879dc30fa6328d448a9f680a66c4e84cac7382ad92f15f"
            ],
            "index": "pypi",
            "version": "==0.1.6"
        },
        "simplegeneric": {
            "hashes": [
                "sha256:dc972e06094b9af5b855b3df4a646395e43d1c9d0d39ed345b7393560d0b9173"
            ],
            "version": "==0.8.1"
        },
        "six": {
            "hashes": [
                "sha256:70e8a77beed4562e7f14fe23a786b54f6296e34344c23bc42f07b15018ff98e9",
                "sha256:832dc0e10feb1aa2c68dcc57dbb658f1c7e65b9b61af69048abc87a2db00a0eb"
            ],
            "version": "==1.11.0"
        },
        "traitlets": {
            "hashes": [
                "sha256:9c4bd2d267b7153df9152698efb1050a5d84982d3384a37b2c1f7723ba3e7835",
                "sha256:c6cb5e6f57c5a9bdaa40fa71ce7b4af30298fbab9ece9815b5d995ab6217c7d9"
            ],
            "version": "==4.3.2"
        },
        "wcwidth": {
            "hashes": [
                "sha256:3df37372226d6e63e1b1e1eda15c594bca98a22d33a23832a90998faa96bc65e",
                "sha256:f4ebe71925af7b40a864553f761ed559b43544f8f71746c2d756c7fe788ade7c"
            ],
            "version": "==0.1.7"
        },
        "winpdb-reborn": {
            "hashes": [
                "sha256:75766d729e2dacc32258057ecc5945619fc98f7df79a4b5dde8df5f01d385a5d"
            ],
            "index": "pypi",
            "version": "==2.0.0.dev5"
        },
        "wxpython": {
            "hashes": [
                "sha256:02ac3734843e9fc059aaa3d691d59c286726c12da0302e0eaaa8754e72ea2c5a",
                "sha256:148bd5538afe6ef8f7dd822f5b0a24bccb88a1a2e304dc2b860cbd6293db7186",
                "sha256:39daa5fc19c5cfbc996a4edaae5ee420a9332a2c22130af75fe4e9d6229a4e06",
                "sha256:4525d8601eafd22fe1746b7c53d43a943ba9a6e620200cecd7098619dc523dea",
                "sha256:48ae0c08baeaf76e13606bd9d485b8a78f74fa074070a8b5e96ce3a98ac602c2",
                "sha256:5e1465d13d7debb83b25a84fe2360afb5ec6ceeaaacc974c9dd622e14ad91024",
                "sha256:7a4911399cca264047a78a5abb57a21b718f4e15c197fb82bcd9de6f4df36fbf",
                "sha256:804acfa84347bf4793e2d1b62cf066deaf5af3f3d518e7b54a6a03ac51dfc305",
                "sha256:8d0dfc0146c24749ce00d575e35cc2826372e809d5bc4a57bde6c89031b59e75",
                "sha256:8dadbbd481fdf571f3c821b220b2882ca4d9fe6dabe75a8a03652a928d0b74a1",
                "sha256:a6ee1a8bfc9415b889843ee283e611c47782cb25fc34093cc77c147ef6fc69e5",
                "sha256:c62c60b28e77d0b737bb8cbcd1e37c237218015cc353da3633ce9e0f1ac86db0",
                "sha256:ca7d29ccad4ae252f058cdc7f3580a938fc854342affbd4da23127a8ca550c74",
                "sha256:f135dd8d8c1b369eb4c7cf66c434c96f5346972acf3bbe0381ffc3fd302c72df",
                "sha256:f9c1528b349825767444e6dd7c1d9267a004c17020371b48d400190875f7ed45",
                "sha256:ff90169eb56484f5f6679c94f53fbbdb6f3e31f61b62333a03990e0334f243c1"
            ],
            "version": "==4.0.3"
        }
    },
    "develop": {}
}
